
Microsoft Visual Studio Solution File, Format Version 11.00
# Visual Studio 2010
Project("{FAE04EC0-301F-11D3-BF4B-00C04F79EFBC}") = "TextImportUser163", "TextImportUser163\TextImportUser163.csproj", "{1B982D8A-66E3-40DE-9F5F-50FCE0CE5855}"
EndProject
Project("{FAE04EC0-301F-11D3-BF4B-00C04F79EFBC}") = "Mshan.Utilities.DbUtilities", "Mshan.Utilities.DbUtilities\Mshan.Utilities.DbUtilities.csproj", "{1E88ED20-39CF-4AD0-8B39-389E6396DE18}"
EndProject
Project("{FAE04EC0-301F-11D3-BF4B-00C04F79EFBC}") = "Mshan.DatabaseDocument", "Mshan.DatabaseDocument\Mshan.DatabaseDocument.csproj", "{693D2CEA-5701-481C-81ED-63C989095339}"
EndProject
Project("{FAE04EC0-301F-11D3-BF4B-00C04F79EFBC}") = "Mshan.Utilities", "Mshan.Utilities\Mshan.Utilities.csproj", "{0BD4CB37-0C95-43E2-BA80-D8D7B607E44C}"
EndProject
Project("{FAE04EC0-301F-11D3-BF4B-00C04F79EFBC}") = "Mshan.Document.Database", "Mshan.Document.Database\Mshan.Document.Database.csproj", "{E02A2F6B-BA14-4602-9D1A-26077B8DC1F3}"
EndProject
Project("{FAE04EC0-301F-11D3-BF4B-00C04F79EFBC}") = "Mshan.Document.WinFormDatabase", "Mshan.Document.WinFormDatabase\Mshan.Document.WinFormDatabase.csproj", "{A2647156-C11A-43C1-B56F-97EC0A9A73FD}"
EndProject
Project("{FAE04EC0-301F-11D3-BF4B-00C04F79EFBC}") = "Mshan.BankSecret", "Mshan.BankSecret\Mshan.BankSecret.csproj", "{9420AC1D-FAAE-412D-A146-AF2F40DFDC7B}"
EndProject
Project("{FAE04EC0-301F-11D3-BF4B-00C04F79EFBC}") = "BouncyCastle", "..\bccrypto-csharp-1.8.4\crypto\BouncyCastle.csproj", "{4C235092-820C-4DEB-9074-D356FB797D8B}"
EndProject
Project("{E24C65DC-7377-472B-9ABA-BC803B73C61A}") = "ASP.NET", "G:\工作\公交一卡通2.0\太原公交\建行聚合支付\互联网被扫支付接口文档V1.5\商户验签Demo\Socket验签jar包v1.1\Socket验签示例\ASP.NET\", "{0C7AE89E-9523-44B1-81A4-0A57335B6C7D}"
	ProjectSection(WebsiteProperties) = preProject
		TargetFrameworkMoniker = ".NETFramework,Version%3Dv4.0"
		Debug.AspNetCompiler.VirtualPath = "/ASP.NET"
		Debug.AspNetCompiler.PhysicalPath = "G:\工作\公交一卡通2.0\太原公交\建行聚合支付\互联网被扫支付接口文档V1.5\商户验签Demo\Socket验签jar包v1.1\Socket验签示例\ASP.NET\"
		Debug.AspNetCompiler.TargetPath = "PrecompiledWeb\ASP.NET\"
		Debug.AspNetCompiler.Updateable = "true"
		Debug.AspNetCompiler.ForceOverwrite = "true"
		Debug.AspNetCompiler.FixedNames = "false"
		Debug.AspNetCompiler.Debug = "True"
		Release.AspNetCompiler.VirtualPath = "/ASP.NET"
		Release.AspNetCompiler.PhysicalPath = "G:\工作\公交一卡通2.0\太原公交\建行聚合支付\互联网被扫支付接口文档V1.5\商户验签Demo\Socket验签jar包v1.1\Socket验签示例\ASP.NET\"
		Release.AspNetCompiler.TargetPath = "PrecompiledWeb\ASP.NET\"
		Release.AspNetCompiler.Updateable = "true"
		Release.AspNetCompiler.ForceOverwrite = "true"
		Release.AspNetCompiler.FixedNames = "false"
		Release.AspNetCompiler.Debug = "False"
		VWDPort = "57323"
	EndProjectSection
EndProject
Project("{FAE04EC0-301F-11D3-BF4B-00C04F79EFBC}") = "AopSdk", "..\..\alipay-sdk-NET\AopSdk.csproj", "{9C11CAE5-5188-4E71-825B-68FC3135728A}"
EndProject
Global
	GlobalSection(SolutionConfigurationPlatforms) = preSolution
		Debug|Any CPU = Debug|Any CPU
		Debug|Mixed Platforms = Debug|Mixed Platforms
		Debug|x86 = Debug|x86
		Release|Any CPU = Release|Any CPU
		Release|Mixed Platforms = Release|Mixed Platforms
		Release|x86 = Release|x86
	EndGlobalSection
	GlobalSection(ProjectConfigurationPlatforms) = postSolution
		{1B982D8A-66E3-40DE-9F5F-50FCE0CE5855}.Debug|Any CPU.ActiveCfg = Debug|x86
		{1B982D8A-66E3-40DE-9F5F-50FCE0CE5855}.Debug|Mixed Platforms.ActiveCfg = Debug|x86
		{1B982D8A-66E3-40DE-9F5F-50FCE0CE5855}.Debug|Mixed Platforms.Build.0 = Debug|x86
		{1B982D8A-66E3-40DE-9F5F-50FCE0CE5855}.Debug|x86.ActiveCfg = Debug|x86
		{1B982D8A-66E3-40DE-9F5F-50FCE0CE5855}.Debug|x86.Build.0 = Debug|x86
		{1B982D8A-66E3-40DE-9F5F-50FCE0CE5855}.Release|Any CPU.ActiveCfg = Release|x86
		{1B982D8A-66E3-40DE-9F5F-50FCE0CE5855}.Release|Mixed Platforms.ActiveCfg = Release|x86
		{1B982D8A-66E3-40DE-9F5F-50FCE0CE5855}.Release|Mixed Platforms.Build.0 = Release|x86
		{1B982D8A-66E3-40DE-9F5F-50FCE0CE5855}.Release|x86.ActiveCfg = Release|x86
		{1B982D8A-66E3-40DE-9F5F-50FCE0CE5855}.Release|x86.Build.0 = Release|x86
		{1E88ED20-39CF-4AD0-8B39-389E6396DE18}.Debug|Any CPU.ActiveCfg = Debug|Any CPU
		{1E88ED20-39CF-4AD0-8B39-389E6396DE18}.Debug|Any CPU.Build.0 = Debug|Any CPU
		{1E88ED20-39CF-4AD0-8B39-389E6396DE18}.Debug|Mixed Platforms.ActiveCfg = Debug|Any CPU
		{1E88ED20-39CF-4AD0-8B39-389E6396DE18}.Debug|Mixed Platforms.Build.0 = Debug|Any CPU
		{1E88ED20-39CF-4AD0-8B39-389E6396DE18}.Debug|x86.ActiveCfg = Debug|Any CPU
		{1E88ED20-39CF-4AD0-8B39-389E6396DE18}.Release|Any CPU.ActiveCfg = Release|Any CPU
		{1E88ED20-39CF-4AD0-8B39-389E6396DE18}.Release|Any CPU.Build.0 = Release|Any CPU
		{1E88ED20-39CF-4AD0-8B39-389E6396DE18}.Release|Mixed Platforms.ActiveCfg = Release|Any CPU
		{1E88ED20-39CF-4AD0-8B39-389E6396DE18}.Release|Mixed Platforms.Build.0 = Release|Any CPU
		{1E88ED20-39CF-4AD0-8B39-389E6396DE18}.Release|x86.ActiveCfg = Release|Any CPU
		{693D2CEA-5701-481C-81ED-63C989095339}.Debug|Any CPU.ActiveCfg = Debug|Any CPU
		{693D2CEA-5701-481C-81ED-63C989095339}.Debug|Any CPU.Build.0 = Debug|Any CPU
		{693D2CEA-5701-481C-81ED-63C989095339}.Debug|Mixed Platforms.ActiveCfg = Debug|Any CPU
		{693D2CEA-5701-481C-81ED-63C989095339}.Debug|Mixed Platforms.Build.0 = Debug|Any CPU
		{693D2CEA-5701-481C-81ED-63C989095339}.Debug|x86.ActiveCfg = Debug|Any CPU
		{693D2CEA-5701-481C-81ED-63C989095339}.Release|Any CPU.ActiveCfg = Release|Any CPU
		{693D2CEA-5701-481C-81ED-63C989095339}.Release|Any CPU.Build.0 = Release|Any CPU
		{693D2CEA-5701-481C-81ED-63C989095339}.Release|Mixed Platforms.ActiveCfg = Release|Any CPU
		{693D2CEA-5701-481C-81ED-63C989095339}.Release|Mixed Platforms.Build.0 = Release|Any CPU
		{693D2CEA-5701-481C-81ED-63C989095339}.Release|x86.ActiveCfg = Release|Any CPU
		{0BD4CB37-0C95-43E2-BA80-D8D7B607E44C}.Debug|Any CPU.ActiveCfg = Debug|Any CPU
		{0BD4CB37-0C95-43E2-BA80-D8D7B607E44C}.Debug|Any CPU.Build.0 = Debug|Any CPU
		{0BD4CB37-0C95-43E2-BA80-D8D7B607E44C}.Debug|Mixed Platforms.ActiveCfg = Debug|Any CPU
		{0BD4CB37-0C95-43E2-BA80-D8D7B607E44C}.Debug|Mixed Platforms.Build.0 = Debug|Any CPU
		{0BD4CB37-0C95-43E2-BA80-D8D7B607E44C}.Debug|x86.ActiveCfg = Debug|Any CPU
		{0BD4CB37-0C95-43E2-BA80-D8D7B607E44C}.Release|Any CPU.ActiveCfg = Release|Any CPU
		{0BD4CB37-0C95-43E2-BA80-D8D7B607E44C}.Release|Any CPU.Build.0 = Release|Any CPU
		{0BD4CB37-0C95-43E2-BA80-D8D7B607E44C}.Release|Mixed Platforms.ActiveCfg = Release|Any CPU
		{0BD4CB37-0C95-43E2-BA80-D8D7B607E44C}.Release|Mixed Platforms.Build.0 = Release|Any CPU
		{0BD4CB37-0C95-43E2-BA80-D8D7B607E44C}.Release|x86.ActiveCfg = Release|Any CPU
		{E02A2F6B-BA14-4602-9D1A-26077B8DC1F3}.Debug|Any CPU.ActiveCfg = Debug|Any CPU
		{E02A2F6B-BA14-4602-9D1A-26077B8DC1F3}.Debug|Any CPU.Build.0 = Debug|Any CPU
		{E02A2F6B-BA14-4602-9D1A-26077B8DC1F3}.Debug|Mixed Platforms.ActiveCfg = Debug|Any CPU
		{E02A2F6B-BA14-4602-9D1A-26077B8DC1F3}.Debug|Mixed Platforms.Build.0 = Debug|Any CPU
		{E02A2F6B-BA14-4602-9D1A-26077B8DC1F3}.Debug|x86.ActiveCfg = Debug|Any CPU
		{E02A2F6B-BA14-4602-9D1A-26077B8DC1F3}.Release|Any CPU.ActiveCfg = Release|Any CPU
		{E02A2F6B-BA14-4602-9D1A-26077B8DC1F3}.Release|Any CPU.Build.0 = Release|Any CPU
		{E02A2F6B-BA14-4602-9D1A-26077B8DC1F3}.Release|Mixed Platforms.ActiveCfg = Release|Any CPU
		{E02A2F6B-BA14-4602-9D1A-26077B8DC1F3}.Release|Mixed Platforms.Build.0 = Release|Any CPU
		{E02A2F6B-BA14-4602-9D1A-26077B8DC1F3}.Release|x86.ActiveCfg = Release|Any CPU
		{A2647156-C11A-43C1-B56F-97EC0A9A73FD}.Debug|Any CPU.ActiveCfg = Debug|x86
		{A2647156-C11A-43C1-B56F-97EC0A9A73FD}.Debug|Mixed Platforms.ActiveCfg = Debug|x86
		{A2647156-C11A-43C1-B56F-97EC0A9A73FD}.Debug|Mixed Platforms.Build.0 = Debug|x86
		{A2647156-C11A-43C1-B56F-97EC0A9A73FD}.Debug|x86.ActiveCfg = Debug|x86
		{A2647156-C11A-43C1-B56F-97EC0A9A73FD}.Debug|x86.Build.0 = Debug|x86
		{A2647156-C11A-43C1-B56F-97EC0A9A73FD}.Release|Any CPU.ActiveCfg = Release|x86
		{A2647156-C11A-43C1-B56F-97EC0A9A73FD}.Release|Mixed Platforms.ActiveCfg = Release|x86
		{A2647156-C11A-43C1-B56F-97EC0A9A73FD}.Release|Mixed Platforms.Build.0 = Release|x86
		{A2647156-C11A-43C1-B56F-97EC0A9A73FD}.Release|x86.ActiveCfg = Release|x86
		{A2647156-C11A-43C1-B56F-97EC0A9A73FD}.Release|x86.Build.0 = Release|x86
		{9420AC1D-FAAE-412D-A146-AF2F40DFDC7B}.Debug|Any CPU.ActiveCfg = Debug|x86
		{9420AC1D-FAAE-412D-A146-AF2F40DFDC7B}.Debug|Mixed Platforms.ActiveCfg = Debug|x86
		{9420AC1D-FAAE-412D-A146-AF2F40DFDC7B}.Debug|Mixed Platforms.Build.0 = Debug|x86
		{9420AC1D-FAAE-412D-A146-AF2F40DFDC7B}.Debug|x86.ActiveCfg = Debug|x86
		{9420AC1D-FAAE-412D-A146-AF2F40DFDC7B}.Debug|x86.Build.0 = Debug|x86
		{9420AC1D-FAAE-412D-A146-AF2F40DFDC7B}.Release|Any CPU.ActiveCfg = Release|x86
		{9420AC1D-FAAE-412D-A146-AF2F40DFDC7B}.Release|Mixed Platforms.ActiveCfg = Release|x86
		{9420AC1D-FAAE-412D-A146-AF2F40DFDC7B}.Release|Mixed Platforms.Build.0 = Release|x86
		{9420AC1D-FAAE-412D-A146-AF2F40DFDC7B}.Release|x86.ActiveCfg = Release|x86
		{9420AC1D-FAAE-412D-A146-AF2F40DFDC7B}.Release|x86.Build.0 = Release|x86
		{4C235092-820C-4DEB-9074-D356FB797D8B}.Debug|Any CPU.ActiveCfg = Debug|Any CPU
		{4C235092-820C-4DEB-9074-D356FB797D8B}.Debug|Any CPU.Build.0 = Debug|Any CPU
		{4C235092-820C-4DEB-9074-D356FB797D8B}.Debug|Mixed Platforms.ActiveCfg = Debug|Any CPU
		{4C235092-820C-4DEB-9074-D356FB797D8B}.Debug|Mixed Platforms.Build.0 = Debug|Any CPU
		{4C235092-820C-4DEB-9074-D356FB797D8B}.Debug|x86.ActiveCfg = Debug|Any CPU
		{4C235092-820C-4DEB-9074-D356FB797D8B}.Release|Any CPU.ActiveCfg = Release|Any CPU
		{4C235092-820C-4DEB-9074-D356FB797D8B}.Release|Any CPU.Build.0 = Release|Any CPU
		{4C235092-820C-4DEB-9074-D356FB797D8B}.Release|Mixed Platforms.ActiveCfg = Release|Any CPU
		{4C235092-820C-4DEB-9074-D356FB797D8B}.Release|Mixed Platforms.Build.0 = Release|Any CPU
		{4C235092-820C-4DEB-9074-D356FB797D8B}.Release|x86.ActiveCfg = Release|Any CPU
		{0C7AE89E-9523-44B1-81A4-0A57335B6C7D}.Debug|Any CPU.ActiveCfg = Debug|Any CPU
		{0C7AE89E-9523-44B1-81A4-0A57335B6C7D}.Debug|Any CPU.Build.0 = Debug|Any CPU
		{0C7AE89E-9523-44B1-81A4-0A57335B6C7D}.Debug|Mixed Platforms.ActiveCfg = Debug|Any CPU
		{0C7AE89E-9523-44B1-81A4-0A57335B6C7D}.Debug|Mixed Platforms.Build.0 = Debug|Any CPU
		{0C7AE89E-9523-44B1-81A4-0A57335B6C7D}.Debug|x86.ActiveCfg = Debug|Any CPU
		{0C7AE89E-9523-44B1-81A4-0A57335B6C7D}.Release|Any CPU.ActiveCfg = Debug|Any CPU
		{0C7AE89E-9523-44B1-81A4-0A57335B6C7D}.Release|Any CPU.Build.0 = Debug|Any CPU
		{0C7AE89E-9523-44B1-81A4-0A57335B6C7D}.Release|Mixed Platforms.ActiveCfg = Debug|Any CPU
		{0C7AE89E-9523-44B1-81A4-0A57335B6C7D}.Release|Mixed Platforms.Build.0 = Debug|Any CPU
		{0C7AE89E-9523-44B1-81A4-0A57335B6C7D}.Release|x86.ActiveCfg = Debug|Any CPU
		{9C11CAE5-5188-4E71-825B-68FC3135728A}.Debug|Any CPU.ActiveCfg = Debug|Any CPU
		{9C11CAE5-5188-4E71-825B-68FC3135728A}.Debug|Any CPU.Build.0 = Debug|Any CPU
		{9C11CAE5-5188-4E71-825B-68FC3135728A}.Debug|Mixed Platforms.ActiveCfg = Debug|Any CPU
		{9C11CAE5-5188-4E71-825B-68FC3135728A}.Debug|Mixed Platforms.Build.0 = Debug|Any CPU
		{9C11CAE5-5188-4E71-825B-68FC3135728A}.Debug|x86.ActiveCfg = Debug|Any CPU
		{9C11CAE5-5188-4E71-825B-68FC3135728A}.Release|Any CPU.ActiveCfg = Release|Any CPU
		{9C11CAE5-5188-4E71-825B-68FC3135728A}.Release|Any CPU.Build.0 = Release|Any CPU
		{9C11CAE5-5188-4E71-825B-68FC3135728A}.Release|Mixed Platforms.ActiveCfg = Release|Any CPU
		{9C11CAE5-5188-4E71-825B-68FC3135728A}.Release|Mixed Platforms.Build.0 = Release|Any CPU
		{9C11CAE5-5188-4E71-825B-68FC3135728A}.Release|x86.ActiveCfg = Release|Any CPU
	EndGlobalSection
	GlobalSection(SolutionProperties) = preSolution
		HideSolutionNode = FALSE
	EndGlobalSection
EndGlobal
